
Microsoft Visual Studio Solution File, Format Version 12.00
# Visual Studio 14
VisualStudioVersion = 14.0.25420.1
MinimumVisualStudioVersion = 10.0.40219.1
Project("{FAE04EC0-301F-11D3-BF4B-00C04F79EFBC}") = "Timeline.UI.Maintenance", "Timeline.UI.Maintenance\Timeline.UI.Maintenance.csproj", "{8BE07290-7707-4C73-A3AB-433FEDEE90C3}"
EndProject
Project("{FAE04EC0-301F-11D3-BF4B-00C04F79EFBC}") = "Timeline.UI.Common", "Timeline.UI.Common\Timeline.UI.Common.csproj", "{7D3E9D38-0EBD-4201-9444-388184C46F2D}"
EndProject
Project("{FAE04EC0-301F-11D3-BF4B-00C04F79EFBC}") = "Timeline.DomainModel", "Timeline.DomainModel\Timeline.DomainModel.csproj", "{EC3F097A-1F23-4F6D-A075-16365AC52FF3}"
EndProject
Project("{FAE04EC0-301F-11D3-BF4B-00C04F79EFBC}") = "Timeline.UI.Client", "Timeline.UI.Client\Timeline.UI.Client.csproj", "{645A749D-3EB8-40FF-8246-021C484A2A83}"
	ProjectSection(ProjectDependencies) = postProject
		{444C614D-612B-4048-BCB7-4DA5B3BA3279} = {444C614D-612B-4048-BCB7-4DA5B3BA3279}
		{8BE07290-7707-4C73-A3AB-433FEDEE90C3} = {8BE07290-7707-4C73-A3AB-433FEDEE90C3}
	EndProjectSection
EndProject
Project("{FAE04EC0-301F-11D3-BF4B-00C04F79EFBC}") = "Timeline.UI.Homepage", "Timeline.UI.Homepage\Timeline.UI.Homepage.csproj", "{444C614D-612B-4048-BCB7-4DA5B3BA3279}"
EndProject
Global
	GlobalSection(SolutionConfigurationPlatforms) = preSolution
		Debug|Any CPU = Debug|Any CPU
		Release|Any CPU = Release|Any CPU
	EndGlobalSection
	GlobalSection(ProjectConfigurationPlatforms) = postSolution
		{8BE07290-7707-4C73-A3AB-433FEDEE90C3}.Debug|Any CPU.ActiveCfg = Debug|Any CPU
		{8BE07290-7707-4C73-A3AB-433FEDEE90C3}.Debug|Any CPU.Build.0 = Debug|Any CPU
		{8BE07290-7707-4C73-A3AB-433FEDEE90C3}.Release|Any CPU.ActiveCfg = Release|Any CPU
		{8BE07290-7707-4C73-A3AB-433FEDEE90C3}.Release|Any CPU.Build.0 = Release|Any CPU
		{7D3E9D38-0EBD-4201-9444-388184C46F2D}.Debug|Any CPU.ActiveCfg = Debug|Any CPU
		{7D3E9D38-0EBD-4201-9444-388184C46F2D}.Debug|Any CPU.Build.0 = Debug|Any CPU
		{7D3E9D38-0EBD-4201-9444-388184C46F2D}.Release|Any CPU.ActiveCfg = Release|Any CPU
		{7D3E9D38-0EBD-4201-9444-388184C46F2D}.Release|Any CPU.Build.0 = Release|Any CPU
		{EC3F097A-1F23-4F6D-A075-16365AC52FF3}.Debug|Any CPU.ActiveCfg = Debug|Any CPU
		{EC3F097A-1F23-4F6D-A075-16365AC52FF3}.Debug|Any CPU.Build.0 = Debug|Any CPU
		{EC3F097A-1F23-4F6D-A075-16365AC52FF3}.Release|Any CPU.ActiveCfg = Release|Any CPU
		{EC3F097A-1F23-4F6D-A075-16365AC52FF3}.Release|Any CPU.Build.0 = Release|Any CPU
		{645A749D-3EB8-40FF-8246-021C484A2A83}.Debug|Any CPU.ActiveCfg = Debug|Any CPU
		{645A749D-3EB8-40FF-8246-021C484A2A83}.Debug|Any CPU.Build.0 = Debug|Any CPU
		{645A749D-3EB8-40FF-8246-021C484A2A83}.Release|Any CPU.ActiveCfg = Release|Any CPU
		{645A749D-3EB8-40FF-8246-021C484A2A83}.Release|Any CPU.Build.0 = Release|Any CPU
		{444C614D-612B-4048-BCB7-4DA5B3BA3279}.Debug|Any CPU.ActiveCfg = Debug|Any CPU
		{444C614D-612B-4048-BCB7-4DA5B3BA3279}.Debug|Any CPU.Build.0 = Debug|Any CPU
		{444C614D-612B-4048-BCB7-4DA5B3BA3279}.Release|Any CPU.ActiveCfg = Release|Any CPU
		{444C614D-612B-4048-BCB7-4DA5B3BA3279}.Release|Any CPU.Build.0 = Release|Any CPU
	EndGlobalSection
	GlobalSection(SolutionProperties) = preSolution
		HideSolutionNode = FALSE
	EndGlobalSection
EndGlobal
